{
  "lockfileVersion": 1,
  "configVersion": 1,
  "workspaces": {
    "": {
      "name": "stagecoach-cli",
      "devDependencies": {
        "@crustjs/core": "^0.0.18",
        "@crustjs/crust": "^0.0.24",
        "@crustjs/plugins": "^0.1.1",
        "@types/bun": "latest",
        "lefthook": "latest",
        "typescript": "^6",
      },
    },
  },
  "packages": {
    "@crustjs/core": ["@crustjs/core@0.0.18", "", { "dependencies": { "@crustjs/utils": "0.0.2" }, "peerDependencies": { "typescript": "^6.0.3" } }, "sha512-azJnzYbmPE5BNUvSUcoFepCYIH58SW3UAiBaUoxM9UYXE06Hvh0jrbw5HBTpav4bG4eMFE5Bg9tJcCIquNvcPA=="],

    "@crustjs/crust": ["@crustjs/crust@0.0.24", "", { "optionalDependencies": { "@crustjs/crust-darwin-arm64": "0.0.24", "@crustjs/crust-darwin-x64": "0.0.24", "@crustjs/crust-linux-arm64": "0.0.24", "@crustjs/crust-linux-x64": "0.0.24", "@crustjs/crust-windows-arm64": "0.0.24", "@crustjs/crust-windows-x64": "0.0.24" }, "bin": { "crust": "bin/crust.js" } }, "sha512-jfiQ2g7cM/SB0Tnt9o3XdkTTJJuFrYGdB/oFespLBBK+YtNeNFTjLRohD68U6HN1VR1LggGW1ty6hpdV3sO15w=="],

    "@crustjs/crust-darwin-arm64": ["@crustjs/crust-darwin-arm64@0.0.24", "", { "os": "darwin", "cpu": "arm64", "bin": { "crust": "bin/crust-bun-darwin-arm64" } }, "sha512-h/OnmSpQSOf/c5hTOIkoaMP9aSrU8xSI5qm57Y3zHtXvnmn/RGcQmClvu90lDc3cRCd3KggcwJoUSVlyIcyN8w=="],

    "@crustjs/crust-darwin-x64": ["@crustjs/crust-darwin-x64@0.0.24", "", { "os": "darwin", "cpu": "x64", "bin": { "crust": "bin/crust-bun-darwin-x64" } }, "sha512-Gzry4h4WqO/jukiOcFVadBaTZJf3XPMJQPsY+s9hAv1CZVUcZSGsJ394wixHVL7NeCTTyop27y+ZyQ8vPhh76Q=="],

    "@crustjs/crust-linux-arm64": ["@crustjs/crust-linux-arm64@0.0.24", "", { "os": "linux", "cpu": "arm64", "bin": { "crust": "bin/crust-bun-linux-arm64" } }, "sha512-5b/kBysZqk3cLSgt6ou9Wd2K5xE+w0/WDEMZ3S7C4nzXkbd1ru8EfQvGNEiUTTkBi7h4tuq90scDwxEzbm1tww=="],

    "@crustjs/crust-linux-x64": ["@crustjs/crust-linux-x64@0.0.24", "", { "os": "linux", "cpu": "x64", "bin": { "crust": "bin/crust-bun-linux-x64-baseline" } }, "sha512-9DSSUmjK1zJrilZrVl6CdYcLy6TPjHEOfUyToHnojklq1nAqp7dWnkA6j/OPA+HXyCiBzNFI4LAB7qQAZ/uEbQ=="],

    "@crustjs/crust-windows-arm64": ["@crustjs/crust-windows-arm64@0.0.24", "", { "os": "win32", "cpu": "arm64", "bin": { "crust": "bin/crust-bun-windows-arm64.exe" } }, "sha512-utoyb/epsObcW4sSLUo5IbE15rnccg+VSuZ9FPBU0nKZdRzNe0G31QHyhpyh0wRujpjwFLnnpp32edpE3rLrxg=="],

    "@crustjs/crust-windows-x64": ["@crustjs/crust-windows-x64@0.0.24", "", { "os": "win32", "cpu": "x64", "bin": { "crust": "bin/crust-bun-windows-x64-baseline.exe" } }, "sha512-YMABnWy531E0uHWt5YQXyxuZQot535CT7AEuzAYNDfRJjDBHngxtoPnHU7sxjOtcGuA4SWRaG8DZokxk9dt7hw=="],

    "@crustjs/plugins": ["@crustjs/plugins@0.1.1", "", { "dependencies": { "@crustjs/style": "0.2.0" }, "peerDependencies": { "@crustjs/core": "0.0.18", "typescript": "^6.0.3" } }, "sha512-1/pe8JbwXWVIIjFzTzQyO1OZx45YFwADLq67SXEThwJKAf2q+NHcq36dUo5NA+HDfeKBNN3lRs41dCO8wLMM7g=="],

    "@crustjs/style": ["@crustjs/style@0.2.0", "", { "peerDependencies": { "typescript": "^6.0.3" } }, "sha512-WPJ/l630OSb9aaZEVpZhs8myBf6ItlXivABnx3jzyl4SUYr0Ztrky6D2Xw+rRUp7i7m26KsJHkvi7YiOmsr0BQ=="],

    "@crustjs/utils": ["@crustjs/utils@0.0.2", "", { "dependencies": { "@standard-schema/spec": "^1.1.0" }, "peerDependencies": { "typescript": "^6.0.3" } }, "sha512-NO633zo2y1YgCVo8Rm+ybrTS80TEKPa20WMQI2VLHQDnsBU69B4g3y/PbQ0jllJUq/fxRRhyZBZnxVDNgmgqxQ=="],

    "@standard-schema/spec": ["@standard-schema/spec@1.1.0", "", {}, "sha512-l2aFy5jALhniG5HgqrD6jXLi/rUWrKvqN/qJx6yoJsgKhblVd+iqqU4RCXavm/jPityDo5TCvKMnpjKnOriy0w=="],

    "@types/bun": ["@types/bun@1.3.14", "", { "dependencies": { "bun-types": "1.3.14" } }, "sha512-h1hFqFVcvAvD9j9K7ZW7vd82aSA+rTdznZa+5bwvCwqSB1jmmfLcbIWhOLx1/+boy/xmjgCs/OMUL8hRJSmnPw=="],

    "@types/node": ["@types/node@25.9.1", "", { "dependencies": { "undici-types": ">=7.24.0 <7.24.7" } }, "sha512-xfrlY7UD5rMJk3ZVJP8BNzS28J36YJg+xp+LPXV1TdWxr8uMH5A860QNxYDGQe/ylDSgjxE52Q9VnO7p75tJxg=="],

    "bun-types": ["bun-types@1.3.14", "", { "dependencies": { "@types/node": "*" } }, "sha512-4N0ig0fEomHt5R0KCFWjovxow98rIoRwKolrYdCcknNwMekCXRnWEUvgu5soYV8QXtVsrUD8B95MBOZGPvr6KQ=="],

    "lefthook": ["lefthook@2.1.9", "", { "optionalDependencies": { "lefthook-darwin-arm64": "2.1.9", "lefthook-darwin-x64": "2.1.9", "lefthook-freebsd-arm64": "2.1.9", "lefthook-freebsd-x64": "2.1.9", "lefthook-linux-arm64": "2.1.9", "lefthook-linux-x64": "2.1.9", "lefthook-openbsd-arm64": "2.1.9", "lefthook-openbsd-x64": "2.1.9", "lefthook-windows-arm64": "2.1.9", "lefthook-windows-x64": "2.1.9" }, "bin": { "lefthook": "bin/index.js" } }, "sha512-bwDaIOViTktE8kJLf9jP0p+H2/RDTlFFlc43Am2YgUsX22hI6Sq4RbzsrecwzY5y+MHTipOH7WsmWSEniePHWQ=="],

    "lefthook-darwin-arm64": ["lefthook-darwin-arm64@2.1.9", "", { "os": "darwin", "cpu": "arm64" }, "sha512-119HryNcvr4nqn0wUIrNPgpMEPn9yMQzEcW/lezRsnb56PCJriJB92+MCySPVcWDxJnZef7o0T3jdnPNiSH7Qg=="],

    "lefthook-darwin-x64": ["lefthook-darwin-x64@2.1.9", "", { "os": "darwin", "cpu": "x64" }, "sha512-dwo5Tke2XcQCM56DGHgFKBfRbJIL6xs2wZ0zG1TUVZgl4t4mQUt6LiZ4V/ZQfYHTZF9qywvXoIlR5N35qOaiVQ=="],

    "lefthook-freebsd-arm64": ["lefthook-freebsd-arm64@2.1.9", "", { "os": "freebsd", "cpu": "arm64" }, "sha512-+09PVap6nl6xsaHch5JLtq7WvIR++U1Q2MzA2ai0M4uB/VP3AqrvKqHw6+9hjyKnIH+HHL83uqi77EAY+LaxLA=="],

    "lefthook-freebsd-x64": ["lefthook-freebsd-x64@2.1.9", "", { "os": "freebsd", "cpu": "x64" }, "sha512-8XresjKIYpkE9ARgCtBEZgJZxAU3T4MIqzj4zNy15XRT59I1Us+QdqXTNm+pkZ41Yd2X/nxs2Pkvbq3NWWlIGw=="],

    "lefthook-linux-arm64": ["lefthook-linux-arm64@2.1.9", "", { "os": "linux", "cpu": "arm64" }, "sha512-1oNIQfwrPe6rgU2KcDM3aF6+hpZDCKx1TmawQKpXUY5gVsbZ7MqX0Sk/1lnnWxqPm+kQQ5f6J2dpFWd+4xH8jg=="],

    "lefthook-linux-x64": ["lefthook-linux-x64@2.1.9", "", { "os": "linux", "cpu": "x64" }, "sha512-fT+7Q+BJyGp+CslFQkNXmdFRgyVXsPHPi9NAsDX0a6QOyNnoORByAsvx6zeAKuF5rL3BBgNfho1/v2RuGxGy9w=="],

    "lefthook-openbsd-arm64": ["lefthook-openbsd-arm64@2.1.9", "", { "os": "openbsd", "cpu": "arm64" }, "sha512-4bVuafBk3dddVNo0+3hMbjcJs4mqYAstxpPMmX2ufkudSTYFNIhWoqwuGVQV/SS/xdcOKJAldW4qayAzed2ysw=="],

    "lefthook-openbsd-x64": ["lefthook-openbsd-x64@2.1.9", "", { "os": "openbsd", "cpu": "x64" }, "sha512-PmPoMmLP/wQQWcQ9u2YH86bTZ3UCfBsxuEmVTEyPU2U8R1qSTp5r/Gs3G8cN5Mxo91XB9oBERtF1n+xD3W6aVA=="],

    "lefthook-windows-arm64": ["lefthook-windows-arm64@2.1.9", "", { "os": "win32", "cpu": "arm64" }, "sha512-KphfkBKmwBnmolyrdhIl3lrBaOyTcCgXBT2AB/9OHnEXhOLvv5uTCUkrD4YRAxXPtFKq6UvnapIeoL3GZq0bdA=="],

    "lefthook-windows-x64": ["lefthook-windows-x64@2.1.9", "", { "os": "win32", "cpu": "x64" }, "sha512-2qlUtkJHZ3MyUxgV5XTEmcrIoNZA07iwaquoswAcqv/1MeBFXlD+O+koFRfrzWng2O5WYEbpJnd8tvaYnV8fTA=="],

    "typescript": ["typescript@6.0.3", "", { "bin": { "tsc": "bin/tsc", "tsserver": "bin/tsserver" } }, "sha512-y2TvuxSZPDyQakkFRPZHKFm+KKVqIisdg9/CZwm9ftvKXLP8NRWj38/ODjNbr43SsoXqNuAisEf1GdCxqWcdBw=="],

    "undici-types": ["undici-types@7.24.6", "", {}, "sha512-WRNW+sJgj5OBN4/0JpHFqtqzhpbnV0GuB+OozA9gCL7a993SmU+1JBZCzLNxYsbMfIeDL+lTsphD5jN5N+n0zg=="],
  }
}
